// !$*UTF8*$!
{
	archiveVersion = 1;
	classes = {
	};
	objectVersion = 50;
	objects = {

/* Begin PBXBuildFile section */
		3B20C86488577A447D30C1A6 /* Pods_VessBrowserTests.framework in Frameworks */ = {isa = PBXBuildFile; fileRef = 1DB3FA5A4D6636E666630AC3 /* Pods_VessBrowserTests.framework */; };
		8D9DE6EDD31052C7CFC848F9 /* Pods_VessBrowser.framework in Frameworks */ = {isa = PBXBuildFile; fileRef = 987D8C2FA32AFEE0CDC70EDB /* Pods_VessBrowser.framework */; };
		B3056D2F22191C5B0069AB5B /* StoreKit.framework in Frameworks */ = {isa = PBXBuildFile; fileRef = B3056D2E22191C5B0069AB5B /* StoreKit.framework */; };
		B3056D31221A483E0069AB5B /* WebsiteList.storyboard in Resources */ = {isa = PBXBuildFile; fileRef = B3056D30221A483E0069AB5B /* WebsiteList.storyboard */; };
		B3056D36221A487D0069AB5B /* WebsiteListViewController.swift in Sources */ = {isa = PBXBuildFile; fileRef = B3056D35221A487D0069AB5B /* WebsiteListViewController.swift */; };
		B3056D3A221A6D300069AB5B /* Navigator.storyboard in Resources */ = {isa = PBXBuildFile; fileRef = B3056D39221A6D300069AB5B /* Navigator.storyboard */; };
		B3056D3C221A6DDA0069AB5B /* Navigator.swift in Sources */ = {isa = PBXBuildFile; fileRef = B3056D3B221A6DDA0069AB5B /* Navigator.swift */; };
		B3B4C6302223A54B0017DD85 /* HostListViewController.swift in Sources */ = {isa = PBXBuildFile; fileRef = B3B4C62F2223A54A0017DD85 /* HostListViewController.swift */; };
		B3B4C6322223A56A0017DD85 /* HostList.storyboard in Resources */ = {isa = PBXBuildFile; fileRef = B3B4C6312223A56A0017DD85 /* HostList.storyboard */; };
		B3B4C634222AEB000017DD85 /* Type.swift in Sources */ = {isa = PBXBuildFile; fileRef = B3B4C633222AEB000017DD85 /* Type.swift */; };
		B3D246BB22165CA10083A76D /* AppDelegate.swift in Sources */ = {isa = PBXBuildFile; fileRef = B3D246BA22165CA10083A76D /* AppDelegate.swift */; };
		B3D246BD22165CA10083A76D /* BrowserViewController.swift in Sources */ = {isa = PBXBuildFile; fileRef = B3D246BC22165CA10083A76D /* BrowserViewController.swift */; };
		B3D246C022165CA10083A76D /* Browser.storyboard in Resources */ = {isa = PBXBuildFile; fileRef = B3D246BE22165CA10083A76D /* Browser.storyboard */; };
		B3D246C222165CA20083A76D /* Assets.xcassets in Resources */ = {isa = PBXBuildFile; fileRef = B3D246C122165CA20083A76D /* Assets.xcassets */; };
		B3D246C522165CA20083A76D /* LaunchScreen.storyboard in Resources */ = {isa = PBXBuildFile; fileRef = B3D246C322165CA20083A76D /* LaunchScreen.storyboard */; };
		B3D246D022165CA30083A76D /* VessBrowserTests.swift in Sources */ = {isa = PBXBuildFile; fileRef = B3D246CF22165CA30083A76D /* VessBrowserTests.swift */; };
		B3E2F121221E62BB0043E03E /* Database.swift in Sources */ = {isa = PBXBuildFile; fileRef = B3E2F120221E62BA0043E03E /* Database.swift */; };
		B3E2F1272222197C0043E03E /* DependencyContainer.swift in Sources */ = {isa = PBXBuildFile; fileRef = B3E2F1262222197C0043E03E /* DependencyContainer.swift */; };
/* End PBXBuildFile section */

/* Begin PBXContainerItemProxy section */
		B3D246CC22165CA30083A76D /* PBXContainerItemProxy */ = {
			isa = PBXContainerItemProxy;
			containerPortal = B3D246AF22165CA10083A76D /* Project object */;
			proxyType = 1;
			remoteGlobalIDString = B3D246B622165CA10083A76D;
			remoteInfo = VessBrowser;
		};
/* End PBXContainerItemProxy section */

/* Begin PBXFileReference section */
		1DB3FA5A4D6636E666630AC3 /* Pods_VessBrowserTests.framework */ = {isa = PBXFileReference; explicitFileType = wrapper.framework; includeInIndex = 0; path = Pods_VessBrowserTests.framework; sourceTree = BUILT_PRODUCTS_DIR; };
		22536D6FB220593769093572 /* Pods-VessBrowserTests.release.xcconfig */ = {isa = PBXFileReference; includeInIndex = 1; lastKnownFileType = text.xcconfig; name = "Pods-VessBrowserTests.release.xcconfig"; path = "Pods/Target Support Files/Pods-VessBrowserTests/Pods-VessBrowserTests.release.xcconfig"; sourceTree = "<group>"; };
		350639A677E9C3A781751395 /* Pods-VessBrowser.release.xcconfig */ = {isa = PBXFileReference; includeInIndex = 1; lastKnownFileType = text.xcconfig; name = "Pods-VessBrowser.release.xcconfig"; path = "Pods/Target Support Files/Pods-VessBrowser/Pods-VessBrowser.release.xcconfig"; sourceTree = "<group>"; };
		52444DC4105AF12C11EE5B9C /* Pods-VessBrowserTests.debug.xcconfig */ = {isa = PBXFileReference; includeInIndex = 1; lastKnownFileType = text.xcconfig; name = "Pods-VessBrowserTests.debug.xcconfig"; path = "Pods/Target Support Files/Pods-VessBrowserTests/Pods-VessBrowserTests.debug.xcconfig"; sourceTree = "<group>"; };
		987D8C2FA32AFEE0CDC70EDB /* Pods_VessBrowser.framework */ = {isa = PBXFileReference; explicitFileType = wrapper.framework; includeInIndex = 0; path = Pods_VessBrowser.framework; sourceTree = BUILT_PRODUCTS_DIR; };
		B3056D2C221919870069AB5B /* VessBrowser.entitlements */ = {isa = PBXFileReference; lastKnownFileType = text.plist.entitlements; path = VessBrowser.entitlements; sourceTree = "<group>"; };
		B3056D2E22191C5B0069AB5B /* StoreKit.framework */ = {isa = PBXFileReference; lastKnownFileType = wrapper.framework; name = StoreKit.framework; path = System/Library/Frameworks/StoreKit.framework; sourceTree = SDKROOT; };
		B3056D30221A483E0069AB5B /* WebsiteList.storyboard */ = {isa = PBXFileReference; lastKnownFileType = file.storyboard; path = WebsiteList.storyboard; sourceTree = "<group>"; };
		B3056D35221A487D0069AB5B /* WebsiteListViewController.swift */ = {isa = PBXFileReference; fileEncoding = 4; lastKnownFileType = sourcecode.swift; path = WebsiteListViewController.swift; sourceTree = "<group>"; };
		B3056D39221A6D300069AB5B /* Navigator.storyboard */ = {isa = PBXFileReference; lastKnownFileType = file.storyboard; path = Navigator.storyboard; sourceTree = "<group>"; };
		B3056D3B221A6DDA0069AB5B /* Navigator.swift */ = {isa = PBXFileReference; fileEncoding = 4; lastKnownFileType = sourcecode.swift; path = Navigator.swift; sourceTree = "<group>"; };
		B3B4C62F2223A54A0017DD85 /* HostListViewController.swift */ = {isa = PBXFileReference; fileEncoding = 4; lastKnownFileType = sourcecode.swift; path = HostListViewController.swift; sourceTree = "<group>"; };
		B3B4C6312223A56A0017DD85 /* HostList.storyboard */ = {isa = PBXFileReference; fileEncoding = 4; lastKnownFileType = file.storyboard; path = HostList.storyboard; sourceTree = "<group>"; };
		B3B4C633222AEB000017DD85 /* Type.swift */ = {isa = PBXFileReference; fileEncoding = 4; lastKnownFileType = sourcecode.swift; path = Type.swift; sourceTree = "<group>"; };
		B3D246B722165CA10083A76D /* VessBrowser.app */ = {isa = PBXFileReference; explicitFileType = wrapper.application; includeInIndex = 0; path = VessBrowser.app; sourceTree = BUILT_PRODUCTS_DIR; };
		B3D246BA22165CA10083A76D /* AppDelegate.swift */ = {isa = PBXFileReference; lastKnownFileType = sourcecode.swift; path = AppDelegate.swift; sourceTree = "<group>"; };
		B3D246BC22165CA10083A76D /* BrowserViewController.swift */ = {isa = PBXFileReference; lastKnownFileType = sourcecode.swift; path = BrowserViewController.swift; sourceTree = "<group>"; };
		B3D246BF22165CA10083A76D /* Base */ = {isa = PBXFileReference; lastKnownFileType = file.storyboard; name = Base; path = Base.lproj/Browser.storyboard; sourceTree = "<group>"; };
		B3D246C122165CA20083A76D /* Assets.xcassets */ = {isa = PBXFileReference; lastKnownFileType = folder.assetcatalog; path = Assets.xcassets; sourceTree = "<group>"; };
		B3D246C422165CA20083A76D /* Base */ = {isa = PBXFileReference; lastKnownFileType = file.storyboard; name = Base; path = Base.lproj/LaunchScreen.storyboard; sourceTree = "<group>"; };
		B3D246C622165CA20083A76D /* Info.plist */ = {isa = PBXFileReference; lastKnownFileType = text.plist.xml; path = Info.plist; sourceTree = "<group>"; };
		B3D246CB22165CA30083A76D /* VessBrowserTests.xctest */ = {isa = PBXFileReference; explicitFileType = wrapper.cfbundle; includeInIndex = 0; path = VessBrowserTests.xctest; sourceTree = BUILT_PRODUCTS_DIR; };
		B3D246CF22165CA30083A76D /* VessBrowserTests.swift */ = {isa = PBXFileReference; lastKnownFileType = sourcecode.swift; path = VessBrowserTests.swift; sourceTree = "<group>"; };
		B3D246D122165CA30083A76D /* Info.plist */ = {isa = PBXFileReference; lastKnownFileType = text.plist.xml; path = Info.plist; sourceTree = "<group>"; };
		B3E2F120221E62BA0043E03E /* Database.swift */ = {isa = PBXFileReference; fileEncoding = 4; lastKnownFileType = sourcecode.swift; path = Database.swift; sourceTree = "<group>"; };
		B3E2F1262222197C0043E03E /* DependencyContainer.swift */ = {isa = PBXFileReference; fileEncoding = 4; lastKnownFileType = sourcecode.swift; path = DependencyContainer.swift; sourceTree = "<group>"; };
		C668BA4B94B724FFD0A1891C /* Pods-VessBrowser.debug.xcconfig */ = {isa = PBXFileReference; includeInIndex = 1; lastKnownFileType = text.xcconfig; name = "Pods-VessBrowser.debug.xcconfig"; path = "Pods/Target Support Files/Pods-VessBrowser/Pods-VessBrowser.debug.xcconfig"; sourceTree = "<group>"; };
/* End PBXFileReference section */

/* Begin PBXFrameworksBuildPhase section */
		B3D246B422165CA10083A76D /* Frameworks */ = {
			isa = PBXFrameworksBuildPhase;
			buildActionMask = 2147483647;
			files = (
				B3056D2F22191C5B0069AB5B /* StoreKit.framework in Frameworks */,
				8D9DE6EDD31052C7CFC848F9 /* Pods_VessBrowser.framework in Frameworks */,
			);
			runOnlyForDeploymentPostprocessing = 0;
		};
		B3D246C822165CA30083A76D /* Frameworks */ = {
			isa = PBXFrameworksBuildPhase;
			buildActionMask = 2147483647;
			files = (
				3B20C86488577A447D30C1A6 /* Pods_VessBrowserTests.framework in Frameworks */,
			);
			runOnlyForDeploymentPostprocessing = 0;
		};
/* End PBXFrameworksBuildPhase section */

/* Begin PBXGroup section */
		1BD345688AAF244BB2A39F22 /* Pods */ = {
			isa = PBXGroup;
			children = (
				C668BA4B94B724FFD0A1891C /* Pods-VessBrowser.debug.xcconfig */,
				350639A677E9C3A781751395 /* Pods-VessBrowser.release.xcconfig */,
				52444DC4105AF12C11EE5B9C /* Pods-VessBrowserTests.debug.xcconfig */,
				22536D6FB220593769093572 /* Pods-VessBrowserTests.release.xcconfig */,
			);
			name = Pods;
			sourceTree = "<group>";
		};
		B3056D2D22191C5B0069AB5B /* Frameworks */ = {
			isa = PBXGroup;
			children = (
				B3056D2E22191C5B0069AB5B /* StoreKit.framework */,
				987D8C2FA32AFEE0CDC70EDB /* Pods_VessBrowser.framework */,
				1DB3FA5A4D6636E666630AC3 /* Pods_VessBrowserTests.framework */,
			);
			name = Frameworks;
			sourceTree = "<group>";
		};
		B3056D32221A48440069AB5B /* UI */ = {
			isa = PBXGroup;
			children = (
				B3056D3B221A6DDA0069AB5B /* Navigator.swift */,
				B3056D38221A488D0069AB5B /* Storyboard */,
				B3056D37221A48860069AB5B /* ViewController */,
			);
			path = UI;
			sourceTree = "<group>";
		};
		B3056D37221A48860069AB5B /* ViewController */ = {
			isa = PBXGroup;
			children = (
				B3B4C62F2223A54A0017DD85 /* HostListViewController.swift */,
				B3056D35221A487D0069AB5B /* WebsiteListViewController.swift */,
				B3D246BC22165CA10083A76D /* BrowserViewController.swift */,
			);
			path = ViewController;
			sourceTree = "<group>";
		};
		B3056D38221A488D0069AB5B /* Storyboard */ = {
			isa = PBXGroup;
			children = (
				B3D246BE22165CA10083A76D /* Browser.storyboard */,
				B3056D39221A6D300069AB5B /* Navigator.storyboard */,
				B3B4C6312223A56A0017DD85 /* HostList.storyboard */,
				B3056D30221A483E0069AB5B /* WebsiteList.storyboard */,
			);
			path = Storyboard;
			sourceTree = "<group>";
		};
		B3D246AE22165CA10083A76D = {
			isa = PBXGroup;
			children = (
				B3D246B922165CA10083A76D /* VessBrowser */,
				B3D246CE22165CA30083A76D /* VessBrowserTests */,
				B3D246B822165CA10083A76D /* Products */,
				B3056D2D22191C5B0069AB5B /* Frameworks */,
				1BD345688AAF244BB2A39F22 /* Pods */,
			);
			sourceTree = "<group>";
		};
		B3D246B822165CA10083A76D /* Products */ = {
			isa = PBXGroup;
			children = (
				B3D246B722165CA10083A76D /* VessBrowser.app */,
				B3D246CB22165CA30083A76D /* VessBrowserTests.xctest */,
			);
			name = Products;
			sourceTree = "<group>";
		};
		B3D246B922165CA10083A76D /* VessBrowser */ = {
			isa = PBXGroup;
			children = (
				B3E2F1222220FBED0043E03E /* Common */,
				B3056D32221A48440069AB5B /* UI */,
				B3056D2C221919870069AB5B /* VessBrowser.entitlements */,
				B3D246BA22165CA10083A76D /* AppDelegate.swift */,
				B3D246C122165CA20083A76D /* Assets.xcassets */,
				B3D246C322165CA20083A76D /* LaunchScreen.storyboard */,
				B3D246C622165CA20083A76D /* Info.plist */,
			);
			path = VessBrowser;
			sourceTree = "<group>";
		};
		B3D246CE22165CA30083A76D /* VessBrowserTests */ = {
			isa = PBXGroup;
			children = (
				B3D246CF22165CA30083A76D /* VessBrowserTests.swift */,
				B3D246D122165CA30083A76D /* Info.plist */,
			);
			path = VessBrowserTests;
			sourceTree = "<group>";
		};
		B3E2F1222220FBED0043E03E /* Common */ = {
			isa = PBXGroup;
			children = (
				B3B4C633222AEB000017DD85 /* Type.swift */,
				B3E2F120221E62BA0043E03E /* Database.swift */,
				B3E2F1262222197C0043E03E /* DependencyContainer.swift */,
			);
			path = Common;
			sourceTree = "<group>";
		};
/* End PBXGroup section */

/* Begin PBXNativeTarget section */
		B3D246B622165CA10083A76D /* VessBrowser */ = {
			isa = PBXNativeTarget;
			buildConfigurationList = B3D246D422165CA30083A76D /* Build configuration list for PBXNativeTarget "VessBrowser" */;
			buildPhases = (
				429079A783EB515F5ACB6CD7 /* [CP] Check Pods Manifest.lock */,
				B3D246B322165CA10083A76D /* Sources */,
				B3D246B422165CA10083A76D /* Frameworks */,
				B3D246B522165CA10083A76D /* Resources */,
				159FC63CD6715734B6721EF7 /* [CP] Embed Pods Frameworks */,
			);
			buildRules = (
			);
			dependencies = (
			);
			name = VessBrowser;
			productName = VessBrowser;
			productReference = B3D246B722165CA10083A76D /* VessBrowser.app */;
			productType = "com.apple.product-type.application";
		};
		B3D246CA22165CA30083A76D /* VessBrowserTests */ = {
			isa = PBXNativeTarget;
			buildConfigurationList = B3D246D722165CA30083A76D /* Build configuration list for PBXNativeTarget "VessBrowserTests" */;
			buildPhases = (
				C7009185B0DF964E3B563099 /* [CP] Check Pods Manifest.lock */,
				B3D246C722165CA30083A76D /* Sources */,
				B3D246C822165CA30083A76D /* Frameworks */,
				B3D246C922165CA30083A76D /* Resources */,
				3204A672BBDADEC2AB31D567 /* [CP] Embed Pods Frameworks */,
			);
			buildRules = (
			);
			dependencies = (
				B3D246CD22165CA30083A76D /* PBXTargetDependency */,
			);
			name = VessBrowserTests;
			productName = VessBrowserTests;
			productReference = B3D246CB22165CA30083A76D /* VessBrowserTests.xctest */;
			productType = "com.apple.product-type.bundle.unit-test";
		};
/* End PBXNativeTarget section */

/* Begin PBXProject section */
		B3D246AF22165CA10083A76D /* Project object */ = {
			isa = PBXProject;
			attributes = {
				LastSwiftUpdateCheck = 1010;
				LastUpgradeCheck = 1010;
				ORGANIZATIONNAME = "Super Art Software";
				TargetAttributes = {
					B3D246B622165CA10083A76D = {
						CreatedOnToolsVersion = 10.1;
						SystemCapabilities = {
							com.apple.GameCenter.iOS = {
								enabled = 0;
							};
							com.apple.InAppPurchase = {
								enabled = 1;
							};
							com.apple.Keychain = {
								enabled = 0;
							};
						};
					};
					B3D246CA22165CA30083A76D = {
						CreatedOnToolsVersion = 10.1;
						TestTargetID = B3D246B622165CA10083A76D;
					};
				};
			};
			buildConfigurationList = B3D246B222165CA10083A76D /* Build configuration list for PBXProject "VessBrowser" */;
			compatibilityVersion = "Xcode 9.3";
			developmentRegion = en;
			hasScannedForEncodings = 0;
			knownRegions = (
				en,
				Base,
			);
			mainGroup = B3D246AE22165CA10083A76D;
			productRefGroup = B3D246B822165CA10083A76D /* Products */;
			projectDirPath = "";
			projectRoot = "";
			targets = (
				B3D246B622165CA10083A76D /* VessBrowser */,
				B3D246CA22165CA30083A76D /* VessBrowserTests */,
			);
		};
/* End PBXProject section */

/* Begin PBXResourcesBuildPhase section */
		B3D246B522165CA10083A76D /* Resources */ = {
			isa = PBXResourcesBuildPhase;
			buildActionMask = 2147483647;
			files = (
				B3056D31221A483E0069AB5B /* WebsiteList.storyboard in Resources */,
				B3D246C522165CA20083A76D /* LaunchScreen.storyboard in Resources */,
				B3B4C6322223A56A0017DD85 /* HostList.storyboard in Resources */,
				B3D246C222165CA20083A76D /* Assets.xcassets in Resources */,
				B3D246C022165CA10083A76D /* Browser.storyboard in Resources */,
				B3056D3A221A6D300069AB5B /* Navigator.storyboard in Resources */,
			);
			runOnlyForDeploymentPostprocessing = 0;
		};
		B3D246C922165CA30083A76D /* Resources */ = {
			isa = PBXResourcesBuildPhase;
			buildActionMask = 2147483647;
			files = (
			);
			runOnlyForDeploymentPostprocessing = 0;
		};
/* End PBXResourcesBuildPhase section */

/* Begin PBXShellScriptBuildPhase section */
		159FC63CD6715734B6721EF7 /* [CP] Embed Pods Frameworks */ = {
			isa = PBXShellScriptBuildPhase;
			buildActionMask = 2147483647;
			files = (
			);
			inputFileListPaths = (
			);
			inputPaths = (
				"${SRCROOT}/Pods/Target Support Files/Pods-VessBrowser/Pods-VessBrowser-frameworks.sh",
				"${BUILT_PRODUCTS_DIR}/Realm/Realm.framework",
				"${BUILT_PRODUCTS_DIR}/RealmSwift/RealmSwift.framework",
				"${BUILT_PRODUCTS_DIR}/RxAtomic/RxAtomic.framework",
				"${BUILT_PRODUCTS_DIR}/RxCocoa/RxCocoa.framework",
				"${BUILT_PRODUCTS_DIR}/RxSwift/RxSwift.framework",
				"${BUILT_PRODUCTS_DIR}/SCLAlertView/SCLAlertView.framework",
				"${BUILT_PRODUCTS_DIR}/SDWebImage/SDWebImage.framework",
				"${BUILT_PRODUCTS_DIR}/Swinject/Swinject.framework",
			);
			name = "[CP] Embed Pods Frameworks";
			outputFileListPaths = (
			);
			outputPaths = (
				"${TARGET_BUILD_DIR}/${FRAMEWORKS_FOLDER_PATH}/Realm.framework",
				"${TARGET_BUILD_DIR}/${FRAMEWORKS_FOLDER_PATH}/RealmSwift.framework",
				"${TARGET_BUILD_DIR}/${FRAMEWORKS_FOLDER_PATH}/RxAtomic.framework",
				"${TARGET_BUILD_DIR}/${FRAMEWORKS_FOLDER_PATH}/RxCocoa.framework",
				"${TARGET_BUILD_DIR}/${FRAMEWORKS_FOLDER_PATH}/RxSwift.framework",
				"${TARGET_BUILD_DIR}/${FRAMEWORKS_FOLDER_PATH}/SCLAlertView.framework",
				"${TARGET_BUILD_DIR}/${FRAMEWORKS_FOLDER_PATH}/SDWebImage.framework",
				"${TARGET_BUILD_DIR}/${FRAMEWORKS_FOLDER_PATH}/Swinject.framework",
			);
			runOnlyForDeploymentPostprocessing = 0;
			shellPath = /bin/sh;
			shellScript = "\"${SRCROOT}/Pods/Target Support Files/Pods-VessBrowser/Pods-VessBrowser-frameworks.sh\"\n";
			showEnvVarsInLog = 0;
		};
		3204A672BBDADEC2AB31D567 /* [CP] Embed Pods Frameworks */ = {
			isa = PBXShellScriptBuildPhase;
			buildActionMask = 2147483647;
			files = (
			);
			inputFileListPaths = (
			);
			inputPaths = (
				"${SRCROOT}/Pods/Target Support Files/Pods-VessBrowserTests/Pods-VessBrowserTests-frameworks.sh",
				"${BUILT_PRODUCTS_DIR}/Realm/Realm.framework",
				"${BUILT_PRODUCTS_DIR}/RealmSwift/RealmSwift.framework",
				"${BUILT_PRODUCTS_DIR}/RxAtomic/RxAtomic.framework",
				"${BUILT_PRODUCTS_DIR}/RxCocoa/RxCocoa.framework",
				"${BUILT_PRODUCTS_DIR}/RxSwift/RxSwift.framework",
				"${BUILT_PRODUCTS_DIR}/SCLAlertView/SCLAlertView.framework",
				"${BUILT_PRODUCTS_DIR}/SDWebImage/SDWebImage.framework",
				"${BUILT_PRODUCTS_DIR}/Swinject/Swinject.framework",
			);
			name = "[CP] Embed Pods Frameworks";
			outputFileListPaths = (
			);
			outputPaths = (
				"${TARGET_BUILD_DIR}/${FRAMEWORKS_FOLDER_PATH}/Realm.framework",
				"${TARGET_BUILD_DIR}/${FRAMEWORKS_FOLDER_PATH}/RealmSwift.framework",
				"${TARGET_BUILD_DIR}/${FRAMEWORKS_FOLDER_PATH}/RxAtomic.framework",
				"${TARGET_BUILD_DIR}/${FRAMEWORKS_FOLDER_PATH}/RxCocoa.framework",
				"${TARGET_BUILD_DIR}/${FRAMEWORKS_FOLDER_PATH}/RxSwift.framework",
				"${TARGET_BUILD_DIR}/${FRAMEWORKS_FOLDER_PATH}/SCLAlertView.framework",
				"${TARGET_BUILD_DIR}/${FRAMEWORKS_FOLDER_PATH}/SDWebImage.framework",
				"${TARGET_BUILD_DIR}/${FRAMEWORKS_FOLDER_PATH}/Swinject.framework",
			);
			runOnlyForDeploymentPostprocessing = 0;
			shellPath = /bin/sh;
			shellScript = "\"${SRCROOT}/Pods/Target Support Files/Pods-VessBrowserTests/Pods-VessBrowserTests-frameworks.sh\"\n";
			showEnvVarsInLog = 0;
		};
		429079A783EB515F5ACB6CD7 /* [CP] Check Pods Manifest.lock */ = {
			isa = PBXShellScriptBuildPhase;
			buildActionMask = 2147483647;
			files = (
			);
			inputFileListPaths = (
			);
			inputPaths = (
				"${PODS_PODFILE_DIR_PATH}/Podfile.lock",
				"${PODS_ROOT}/Manifest.lock",
			);
			name = "[CP] Check Pods Manifest.lock";
			outputFileListPaths = (
			);
			outputPaths = (
				"$(DERIVED_FILE_DIR)/Pods-VessBrowser-checkManifestLockResult.txt",
			);
			runOnlyForDeploymentPostprocessing = 0;
			shellPath = /bin/sh;
			shellScript = "diff \"${PODS_PODFILE_DIR_PATH}/Podfile.lock\" \"${PODS_ROOT}/Manifest.lock\" > /dev/null\nif [ $? != 0 ] ; then\n    # print error to STDERR\n    echo \"error: The sandbox is not in sync with the Podfile.lock. Run 'pod install' or update your CocoaPods installation.\" >&2\n    exit 1\nfi\n# This output is used by Xcode 'outputs' to avoid re-running this script phase.\necho \"SUCCESS\" > \"${SCRIPT_OUTPUT_FILE_0}\"\n";
			showEnvVarsInLog = 0;
		};
		C7009185B0DF964E3B563099 /* [CP] Check Pods Manifest.lock */ = {
			isa = PBXShellScriptBuildPhase;
			buildActionMask = 2147483647;
			files = (
			);
			inputFileListPaths = (
			);
			inputPaths = (
				"${PODS_PODFILE_DIR_PATH}/Podfile.lock",
				"${PODS_ROOT}/Manifest.lock",
			);
			name = "[CP] Check Pods Manifest.lock";
			outputFileListPaths = (
			);
			outputPaths = (
				"$(DERIVED_FILE_DIR)/Pods-VessBrowserTests-checkManifestLockResult.txt",
			);
			runOnlyForDeploymentPostprocessing = 0;
			shellPath = /bin/sh;
			shellScript = "diff \"${PODS_PODFILE_DIR_PATH}/Podfile.lock\" \"${PODS_ROOT}/Manifest.lock\" > /dev/null\nif [ $? != 0 ] ; then\n    # print error to STDERR\n    echo \"error: The sandbox is not in sync with the Podfile.lock. Run 'pod install' or update your CocoaPods installation.\" >&2\n    exit 1\nfi\n# This output is used by Xcode 'outputs' to avoid re-running this script phase.\necho \"SUCCESS\" > \"${SCRIPT_OUTPUT_FILE_0}\"\n";
			showEnvVarsInLog = 0;
		};
/* End PBXShellScriptBuildPhase section */

/* Begin PBXSourcesBuildPhase section */
		B3D246B322165CA10083A76D /* Sources */ = {
			isa = PBXSourcesBuildPhase;
			buildActionMask = 2147483647;
			files = (
				B3056D36221A487D0069AB5B /* WebsiteListViewController.swift in Sources */,
				B3B4C6302223A54B0017DD85 /* HostListViewController.swift in Sources */,
				B3056D3C221A6DDA0069AB5B /* Navigator.swift in Sources */,
				B3D246BD22165CA10083A76D /* BrowserViewController.swift in Sources */,
				B3E2F121221E62BB0043E03E /* Database.swift in Sources */,
				B3E2F1272222197C0043E03E /* DependencyContainer.swift in Sources */,
				B3D246BB22165CA10083A76D /* AppDelegate.swift in Sources */,
				B3B4C634222AEB000017DD85 /* Type.swift in Sources */,
			);
			runOnlyForDeploymentPostprocessing = 0;
		};
		B3D246C722165CA30083A76D /* Sources */ = {
			isa = PBXSourcesBuildPhase;
			buildActionMask = 2147483647;
			files = (
				B3D246D022165CA30083A76D /* VessBrowserTests.swift in Sources */,
			);
			runOnlyForDeploymentPostprocessing = 0;
		};
/* End PBXSourcesBuildPhase section */

/* Begin PBXTargetDependency section */
		B3D246CD22165CA30083A76D /* PBXTargetDependency */ = {
			isa = PBXTargetDependency;
			target = B3D246B622165CA10083A76D /* VessBrowser */;
			targetProxy = B3D246CC22165CA30083A76D /* PBXContainerItemProxy */;
		};
/* End PBXTargetDependency section */

/* Begin PBXVariantGroup section */
		B3D246BE22165CA10083A76D /* Browser.storyboard */ = {
			isa = PBXVariantGroup;
			children = (
				B3D246BF22165CA10083A76D /* Base */,
			);
			name = Browser.storyboard;
			sourceTree = "<group>";
		};
		B3D246C322165CA20083A76D /* LaunchScreen.storyboard */ = {
			isa = PBXVariantGroup;
			children = (
				B3D246C422165CA20083A76D /* Base */,
			);
			name = LaunchScreen.storyboard;
			sourceTree = "<group>";
		};
/* End PBXVariantGroup section */

/* Begin XCBuildConfiguration section */
		B3D246D222165CA30083A76D /* Debug */ = {
			isa = XCBuildConfiguration;
			buildSettings = {
				ALWAYS_SEARCH_USER_PATHS = NO;
				CLANG_ANALYZER_NONNULL = YES;
				CLANG_ANALYZER_NUMBER_OBJECT_CONVERSION = YES_AGGRESSIVE;
				CLANG_CXX_LANGUAGE_STANDARD = "gnu++14";
				CLANG_CXX_LIBRARY = "libc++";
				CLANG_ENABLE_MODULES = YES;
				CLANG_ENABLE_OBJC_ARC = YES;
				CLANG_ENABLE_OBJC_WEAK = YES;
				CLANG_WARN_BLOCK_CAPTURE_AUTORELEASING = YES;
				CLANG_WARN_BOOL_CONVERSION = YES;
				CLANG_WARN_COMMA = YES;
				CLANG_WARN_CONSTANT_CONVERSION = YES;
				CLANG_WARN_DEPRECATED_OBJC_IMPLEMENTATIONS = YES;
				CLANG_WARN_DIRECT_OBJC_ISA_USAGE = YES_ERROR;
				CLANG_WARN_DOCUMENTATION_COMMENTS = YES;
				CLANG_WARN_EMPTY_BODY = YES;
				CLANG_WARN_ENUM_CONVERSION = YES;
				CLANG_WARN_INFINITE_RECURSION = YES;
				CLANG_WARN_INT_CONVERSION = YES;
				CLANG_WARN_NON_LITERAL_NULL_CONVERSION = YES;
				CLANG_WARN_OBJC_IMPLICIT_RETAIN_SELF = YES;
				CLANG_WARN_OBJC_LITERAL_CONVERSION = YES;
				CLANG_WARN_OBJC_ROOT_CLASS = YES_ERROR;
				CLANG_WARN_RANGE_LOOP_ANALYSIS = YES;
				CLANG_WARN_STRICT_PROTOTYPES = YES;
				CLANG_WARN_SUSPICIOUS_MOVE = YES;
				CLANG_WARN_UNGUARDED_AVAILABILITY = YES_AGGRESSIVE;
				CLANG_WARN_UNREACHABLE_CODE = YES;
				CLANG_WARN__DUPLICATE_METHOD_MATCH = YES;
				CODE_SIGN_IDENTITY = "iPhone Developer";
				COPY_PHASE_STRIP = NO;
				DEBUG_INFORMATION_FORMAT = dwarf;
				ENABLE_STRICT_OBJC_MSGSEND = YES;
				ENABLE_TESTABILITY = YES;
				GCC_C_LANGUAGE_STANDARD = gnu11;
				GCC_DYNAMIC_NO_PIC = NO;
				GCC_NO_COMMON_BLOCKS = YES;
				GCC_OPTIMIZATION_LEVEL = 0;
				GCC_PREPROCESSOR_DEFINITIONS = (
					"DEBUG=1",
					"$(inherited)",
				);
				GCC_WARN_64_TO_32_BIT_CONVERSION = YES;
				GCC_WARN_ABOUT_RETURN_TYPE = YES_ERROR;
				GCC_WARN_UNDECLARED_SELECTOR = YES;
				GCC_WARN_UNINITIALIZED_AUTOS = YES_AGGRESSIVE;
				GCC_WARN_UNUSED_FUNCTION = YES;
				GCC_WARN_UNUSED_VARIABLE = YES;
				IPHONEOS_DEPLOYMENT_TARGET = 12.1;
				MTL_ENABLE_DEBUG_INFO = INCLUDE_SOURCE;
				MTL_FAST_MATH = YES;
				ONLY_ACTIVE_ARCH = YES;
				SDKROOT = iphoneos;
				SWIFT_ACTIVE_COMPILATION_CONDITIONS = DEBUG;
				SWIFT_OPTIMIZATION_LEVEL = "-Onone";
			};
			name = Debug;
		};
		B3D246D322165CA30083A76D /* Release */ = {
			isa = XCBuildConfiguration;
			buildSettings = {
				ALWAYS_SEARCH_USER_PATHS = NO;
				CLANG_ANALYZER_NONNULL = YES;
				CLANG_ANALYZER_NUMBER_OBJECT_CONVERSION = YES_AGGRESSIVE;
				CLANG_CXX_LANGUAGE_STANDARD = "gnu++14";
				CLANG_CXX_LIBRARY = "libc++";
				CLANG_ENABLE_MODULES = YES;
				CLANG_ENABLE_OBJC_ARC = YES;
				CLANG_ENABLE_OBJC_WEAK = YES;
				CLANG_WARN_BLOCK_CAPTURE_AUTORELEASING = YES;
				CLANG_WARN_BOOL_CONVERSION = YES;
				CLANG_WARN_COMMA = YES;
				CLANG_WARN_CONSTANT_CONVERSION = YES;
				CLANG_WARN_DEPRECATED_OBJC_IMPLEMENTATIONS = YES;
				CLANG_WARN_DIRECT_OBJC_ISA_USAGE = YES_ERROR;
				CLANG_WARN_DOCUMENTATION_COMMENTS = YES;
				CLANG_WARN_EMPTY_BODY = YES;
				CLANG_WARN_ENUM_CONVERSION = YES;
				CLANG_WARN_INFINITE_RECURSION = YES;
				CLANG_WARN_INT_CONVERSION = YES;
				CLANG_WARN_NON_LITERAL_NULL_CONVERSION = YES;
				CLANG_WARN_OBJC_IMPLICIT_RETAIN_SELF = YES;
				CLANG_WARN_OBJC_LITERAL_CONVERSION = YES;
				CLANG_WARN_OBJC_ROOT_CLASS = YES_ERROR;
				CLANG_WARN_RANGE_LOOP_ANALYSIS = YES;
				CLANG_WARN_STRICT_PROTOTYPES = YES;
				CLANG_WARN_SUSPICIOUS_MOVE = YES;
				CLANG_WARN_UNGUARDED_AVAILABILITY = YES_AGGRESSIVE;
				CLANG_WARN_UNREACHABLE_CODE = YES;
				CLANG_WARN__DUPLICATE_METHOD_MATCH = YES;
				CODE_SIGN_IDENTITY = "iPhone Developer";
				COPY_PHASE_STRIP = NO;
				DEBUG_INFORMATION_FORMAT = "dwarf-with-dsym";
				ENABLE_NS_ASSERTIONS = NO;
				ENABLE_STRICT_OBJC_MSGSEND = YES;
				GCC_C_LANGUAGE_STANDARD = gnu11;
				GCC_NO_COMMON_BLOCKS = YES;
				GCC_WARN_64_TO_32_BIT_CONVERSION = YES;
				GCC_WARN_ABOUT_RETURN_TYPE = YES_ERROR;
				GCC_WARN_UNDECLARED_SELECTOR = YES;
				GCC_WARN_UNINITIALIZED_AUTOS = YES_AGGRESSIVE;
				GCC_WARN_UNUSED_FUNCTION = YES;
				GCC_WARN_UNUSED_VARIABLE = YES;
				IPHONEOS_DEPLOYMENT_TARGET = 12.1;
				MTL_ENABLE_DEBUG_INFO = NO;
				MTL_FAST_MATH = YES;
				SDKROOT = iphoneos;
				SWIFT_COMPILATION_MODE = wholemodule;
				SWIFT_OPTIMIZATION_LEVEL = "-O";
				VALIDATE_PRODUCT = YES;
			};
			name = Release;
		};
		B3D246D522165CA30083A76D /* Debug */ = {
			isa = XCBuildConfiguration;
			baseConfigurationReference = C668BA4B94B724FFD0A1891C /* Pods-VessBrowser.debug.xcconfig */;
			buildSettings = {
				ASSETCATALOG_COMPILER_APPICON_NAME = AppIcon;
				CODE_SIGN_IDENTITY = "iPhone Developer";
				CODE_SIGN_STYLE = Automatic;
				DEVELOPMENT_TEAM = AKGR9TT483;
				INFOPLIST_FILE = VessBrowser/Info.plist;
				IPHONEOS_DEPLOYMENT_TARGET = 11.0;
				LD_RUNPATH_SEARCH_PATHS = (
					"$(inherited)",
					"@executable_path/Frameworks",
				);
				PRODUCT_BUNDLE_IDENTIFIER = superarts.org.VessBrowser;
				PRODUCT_NAME = "$(TARGET_NAME)";
				PROVISIONING_PROFILE_SPECIFIER = "";
				SWIFT_VERSION = 4.2;
				TARGETED_DEVICE_FAMILY = "1,2";
			};
			name = Debug;
		};
		B3D246D622165CA30083A76D /* Release */ = {
			isa = XCBuildConfiguration;
			baseConfigurationReference = 350639A677E9C3A781751395 /* Pods-VessBrowser.release.xcconfig */;
			buildSettings = {
				ASSETCATALOG_COMPILER_APPICON_NAME = AppIcon;
				CODE_SIGN_IDENTITY = "iPhone Developer";
				CODE_SIGN_STYLE = Automatic;
				DEVELOPMENT_TEAM = AKGR9TT483;
				INFOPLIST_FILE = VessBrowser/Info.plist;
				IPHONEOS_DEPLOYMENT_TARGET = 11.0;
				LD_RUNPATH_SEARCH_PATHS = (
					"$(inherited)",
					"@executable_path/Frameworks",
				);
				PRODUCT_BUNDLE_IDENTIFIER = superarts.org.VessBrowser;
				PRODUCT_NAME = "$(TARGET_NAME)";
				PROVISIONING_PROFILE_SPECIFIER = "";
				SWIFT_VERSION = 4.2;
				TARGETED_DEVICE_FAMILY = "1,2";
			};
			name = Release;
		};
		B3D246D822165CA30083A76D /* Debug */ = {
			isa = XCBuildConfiguration;
			baseConfigurationReference = 52444DC4105AF12C11EE5B9C /* Pods-VessBrowserTests.debug.xcconfig */;
			buildSettings = {
				ALWAYS_EMBED_SWIFT_STANDARD_LIBRARIES = YES;
				BUNDLE_LOADER = "$(TEST_HOST)";
				CODE_SIGN_STYLE = Automatic;
				DEVELOPMENT_TEAM = AKGR9TT483;
				INFOPLIST_FILE = VessBrowserTests/Info.plist;
				LD_RUNPATH_SEARCH_PATHS = (
					"$(inherited)",
					"@executable_path/Frameworks",
					"@loader_path/Frameworks",
				);
				PRODUCT_BUNDLE_IDENTIFIER = superarts.org.VessBrowserTests;
				PRODUCT_NAME = "$(TARGET_NAME)";
				SWIFT_VERSION = 4.2;
				TARGETED_DEVICE_FAMILY = "1,2";
				TEST_HOST = "$(BUILT_PRODUCTS_DIR)/VessBrowser.app/VessBrowser";
			};
			name = Debug;
		};
		B3D246D922165CA30083A76D /* Release */ = {
			isa = XCBuildConfiguration;
			baseConfigurationReference = 22536D6FB220593769093572 /* Pods-VessBrowserTests.release.xcconfig */;
			buildSettings = {
				ALWAYS_EMBED_SWIFT_STANDARD_LIBRARIES = YES;
				BUNDLE_LOADER = "$(TEST_HOST)";
				CODE_SIGN_STYLE = Automatic;
				DEVELOPMENT_TEAM = AKGR9TT483;
				INFOPLIST_FILE = VessBrowserTests/Info.plist;
				LD_RUNPATH_SEARCH_PATHS = (
					"$(inherited)",
					"@executable_path/Frameworks",
					"@loader_path/Frameworks",
				);
				PRODUCT_BUNDLE_IDENTIFIER = superarts.org.VessBrowserTests;
				PRODUCT_NAME = "$(TARGET_NAME)";
				SWIFT_VERSION = 4.2;
				TARGETED_DEVICE_FAMILY = "1,2";
				TEST_HOST = "$(BUILT_PRODUCTS_DIR)/VessBrowser.app/VessBrowser";
			};
			name = Release;
		};
/* End XCBuildConfiguration section */

/* Begin XCConfigurationList section */
		B3D246B222165CA10083A76D /* Build configuration list for PBXProject "VessBrowser" */ = {
			isa = XCConfigurationList;
			buildConfigurations = (
				B3D246D222165CA30083A76D /* Debug */,
				B3D246D322165CA30083A76D /* Release */,
			);
			defaultConfigurationIsVisible = 0;
			defaultConfigurationName = Release;
		};
		B3D246D422165CA30083A76D /* Build configuration list for PBXNativeTarget "VessBrowser" */ = {
			isa = XCConfigurationList;
			buildConfigurations = (
				B3D246D522165CA30083A76D /* Debug */,
				B3D246D622165CA30083A76D /* Release */,
			);
			defaultConfigurationIsVisible = 0;
			defaultConfigurationName = Release;
		};
		B3D246D722165CA30083A76D /* Build configuration list for PBXNativeTarget "VessBrowserTests" */ = {
			isa = XCConfigurationList;
			buildConfigurations = (
				B3D246D822165CA30083A76D /* Debug */,
				B3D246D922165CA30083A76D /* Release */,
			);
			defaultConfigurationIsVisible = 0;
			defaultConfigurationName = Release;
		};
/* End XCConfigurationList section */
	};
	rootObject = B3D246AF22165CA10083A76D /* Project object */;
}
